
Microsoft Visual Studio Solution File, Format Version 12.00
# Visual Studio Version 16
VisualStudioVersion = 16.0.33529.622
MinimumVisualStudioVersion = 10.0.40219.1
Project("{9A19103F-16F7-4668-BE54-9A1E7A4F7556}") = "Visus.DataProtection", "Visus.DataProtection\Visus.DataProtection.csproj", "{9B5E5FC0-2F44-4C56-B5D2-041302D71922}"
EndProject
Project("{FAE04EC0-301F-11D3-BF4B-00C04F79EFBC}") = "Tests", "Tests\Tests.csproj", "{25CD3862-38C4-4DBE-BD26-E3998DF104A7}"
EndProject
Global
	GlobalSection(SolutionConfigurationPlatforms) = preSolution
		Debug|Any CPU = Debug|Any CPU
		Release|Any CPU = Release|Any CPU
	EndGlobalSection
	GlobalSection(ProjectConfigurationPlatforms) = postSolution
		{9B5E5FC0-2F44-4C56-B5D2-041302D71922}.Debug|Any CPU.ActiveCfg = Debug|Any CPU
		{9B5E5FC0-2F44-4C56-B5D2-041302D71922}.Debug|Any CPU.Build.0 = Debug|Any CPU
		{9B5E5FC0-2F44-4C56-B5D2-041302D71922}.Release|Any CPU.ActiveCfg = Release|Any CPU
		{9B5E5FC0-2F44-4C56-B5D2-041302D71922}.Release|Any CPU.Build.0 = Release|Any CPU
		{25CD3862-38C4-4DBE-BD26-E3998DF104A7}.Debug|Any CPU.ActiveCfg = Debug|Any CPU
		{25CD3862-38C4-4DBE-BD26-E3998DF104A7}.Debug|Any CPU.Build.0 = Debug|Any CPU
		{25CD3862-38C4-4DBE-BD26-E3998DF104A7}.Release|Any CPU.ActiveCfg = Release|Any CPU
		{25CD3862-38C4-4DBE-BD26-E3998DF104A7}.Release|Any CPU.Build.0 = Release|Any CPU
	EndGlobalSection
	GlobalSection(SolutionProperties) = preSolution
		HideSolutionNode = FALSE
	EndGlobalSection
	GlobalSection(ExtensibilityGlobals) = postSolution
		SolutionGuid = {3786B346-173A-4657-AAF1-A9B2E5F93823}
	EndGlobalSection
EndGlobal
